
Microsoft Visual Studio Solution File, Format Version 12.00
# Visual Studio Version 17
VisualStudioVersion = 17.9.34728.123
MinimumVisualStudioVersion = 10.0.40219.1
Project("{FAE04EC0-301F-11D3-BF4B-00C04F79EFBC}") = "StardewValley-CustomNPC", "StardewValley-CustomNPC\StardewValley-CustomNPC.csproj", "{8AC7FE95-238B-40F4-A826-41239D31DF7A}"
EndProject
Global
	GlobalSection(SolutionConfigurationPlatforms) = preSolution
		Debug|Any CPU = Debug|Any CPU
		Release|Any CPU = Release|Any CPU
	EndGlobalSection
	GlobalSection(ProjectConfigurationPlatforms) = postSolution
		{8AC7FE95-238B-40F4-A826-41239D31DF7A}.Debug|Any CPU.ActiveCfg = Debug|Any CPU
		{8AC7FE95-238B-40F4-A826-41239D31DF7A}.Debug|Any CPU.Build.0 = Debug|Any CPU
		{8AC7FE95-238B-40F4-A826-41239D31DF7A}.Release|Any CPU.ActiveCfg = Release|Any CPU
		{8AC7FE95-238B-40F4-A826-41239D31DF7A}.Release|Any CPU.Build.0 = Release|Any CPU
	EndGlobalSection
	GlobalSection(SolutionProperties) = preSolution
		HideSolutionNode = FALSE
	EndGlobalSection
	GlobalSection(ExtensibilityGlobals) = postSolution
		SolutionGuid = {859AA4AE-6EDF-483E-9046-4AC3CE75DD68}
	EndGlobalSection
EndGlobal
